
Microsoft Visual Studio Solution File, Format Version 12.00
# Visual Studio Version 17
VisualStudioVersion = 17.8.34330.188
MinimumVisualStudioVersion = 10.0.40219.1
Project("{FAE04EC0-301F-11D3-BF4B-00C04F79EFBC}") = "caraOuCoroa", "caraOuCoroa\caraOuCoroa.csproj", "{18559C45-9800-4275-A2F1-A7282006E08A}"
EndProject
Global
	GlobalSection(SolutionConfigurationPlatforms) = preSolution
		Debug|Any CPU = Debug|Any CPU
		Release|Any CPU = Release|Any CPU
	EndGlobalSection
	GlobalSection(ProjectConfigurationPlatforms) = postSolution
		{18559C45-9800-4275-A2F1-A7282006E08A}.Debug|Any CPU.ActiveCfg = Debug|Any CPU
		{18559C45-9800-4275-A2F1-A7282006E08A}.Debug|Any CPU.Build.0 = Debug|Any CPU
		{18559C45-9800-4275-A2F1-A7282006E08A}.Debug|Any CPU.Deploy.0 = Debug|Any CPU
		{18559C45-9800-4275-A2F1-A7282006E08A}.Release|Any CPU.ActiveCfg = Release|Any CPU
		{18559C45-9800-4275-A2F1-A7282006E08A}.Release|Any CPU.Build.0 = Release|Any CPU
		{18559C45-9800-4275-A2F1-A7282006E08A}.Release|Any CPU.Deploy.0 = Release|Any CPU
	EndGlobalSection
	GlobalSection(SolutionProperties) = preSolution
		HideSolutionNode = FALSE
	EndGlobalSection
	GlobalSection(ExtensibilityGlobals) = postSolution
		SolutionGuid = {94C510D0-F910-4122-8467-1DD6095257A1}
	EndGlobalSection
EndGlobal
